
Microsoft Visual Studio Solution File, Format Version 12.00
# Visual Studio Version 17
VisualStudioVersion = 17.8.34525.116
MinimumVisualStudioVersion = 10.0.40219.1
Project("{9A19103F-16F7-4668-BE54-9A1E7A4F7556}") = "Timetracking HSE Bot", "Timetracking HSE Bot.csproj", "{45D93055-7BB1-429B-BB47-6C89D7D90788}"
EndProject
Global
	GlobalSection(SolutionConfigurationPlatforms) = preSolution
		Debug|Any CPU = Debug|Any CPU
		Release|Any CPU = Release|Any CPU
	EndGlobalSection
	GlobalSection(ProjectConfigurationPlatforms) = postSolution
		{45D93055-7BB1-429B-BB47-6C89D7D90788}.Debug|Any CPU.ActiveCfg = Debug|Any CPU
		{45D93055-7BB1-429B-BB47-6C89D7D90788}.Debug|Any CPU.Build.0 = Debug|Any CPU
		{45D93055-7BB1-429B-BB47-6C89D7D90788}.Release|Any CPU.ActiveCfg = Release|Any CPU
		{45D93055-7BB1-429B-BB47-6C89D7D90788}.Release|Any CPU.Build.0 = Release|Any CPU
	EndGlobalSection
	GlobalSection(SolutionProperties) = preSolution
		HideSolutionNode = FALSE
	EndGlobalSection
	GlobalSection(ExtensibilityGlobals) = postSolution
		SolutionGuid = {D03BE9ED-76D7-430B-9E29-FEBC20EEC074}
	EndGlobalSection
EndGlobal
